# THIS IS AN AUTOGENERATED FILE. DO NOT EDIT THIS FILE DIRECTLY.
# yarn lockfile v1


fsevents@~2.3.2:
  version "2.3.2"
  resolved "https://registry.yarnpkg.com/fsevents/-/fsevents-2.3.2.tgz#8a526f78b8fdf4623b709e0b975c52c24c02fd1a"
  integrity sha512-xiqMQR4xAeHTuB9uWm+fFRcIOgKBMiOBP+eXiyT7jsgVCq1bkVygt00oASowB7EdtpOHaaPgKt812P9ab+DDKA==

rollup@^2.54.0:
  version "2.54.0"
  resolved "https://registry.yarnpkg.com/rollup/-/rollup-2.54.0.tgz#99ea816e8e9b1c6af3ab957a4e7a8f78dbd87773"
  integrity sha512-RHzvstAVwm9A751NxWIbGPFXs3zL4qe/eYg+N7WwGtIXVLy1cK64MiU37+hXeFm1jqipK6DGgMi6Z2hhPuCC3A==
  optionalDependencies:
    fsevents "~2.3.2"
